
Microsoft Visual Studio Solution File, Format Version 12.00
# Visual Studio Version 17
VisualStudioVersion = 17.6.33723.286
MinimumVisualStudioVersion = 10.0.40219.1
Project("{FAE04EC0-301F-11D3-BF4B-00C04F79EFBC}") = "TaskClient", "Desktop Client (Async Task)\TaskClient.csproj", "{B9FEF8EE-4382-4C70-820A-74F2A200D32A}"
EndProject
Project("{9A19103F-16F7-4668-BE54-9A1E7A4F7556}") = "Web API Data Server", "Web API Data Server\Web API Data Server.csproj", "{68D9E639-3021-4861-8077-87F915D47ABF}"
EndProject
Project("{FAE04EC0-301F-11D3-BF4B-00C04F79EFBC}") = "APIClasses", "APIClasses\APIClasses.csproj", "{B3BA3230-C3EB-4811-95BE-C253FD8E58F2}"
EndProject
Project("{9A19103F-16F7-4668-BE54-9A1E7A4F7556}") = "Web API Business Server", "Web API Business Server\Web API Business Server.csproj", "{84AD40BF-8B47-47EC-BEC5-97BCBE7ADAAD}"
EndProject
Global
	GlobalSection(SolutionConfigurationPlatforms) = preSolution
		Debug|Any CPU = Debug|Any CPU
		Release|Any CPU = Release|Any CPU
	EndGlobalSection
	GlobalSection(ProjectConfigurationPlatforms) = postSolution
		{B9FEF8EE-4382-4C70-820A-74F2A200D32A}.Debug|Any CPU.ActiveCfg = Debug|Any CPU
		{B9FEF8EE-4382-4C70-820A-74F2A200D32A}.Debug|Any CPU.Build.0 = Debug|Any CPU
		{B9FEF8EE-4382-4C70-820A-74F2A200D32A}.Release|Any CPU.ActiveCfg = Release|Any CPU
		{B9FEF8EE-4382-4C70-820A-74F2A200D32A}.Release|Any CPU.Build.0 = Release|Any CPU
		{68D9E639-3021-4861-8077-87F915D47ABF}.Debug|Any CPU.ActiveCfg = Debug|Any CPU
		{68D9E639-3021-4861-8077-87F915D47ABF}.Debug|Any CPU.Build.0 = Debug|Any CPU
		{68D9E639-3021-4861-8077-87F915D47ABF}.Release|Any CPU.ActiveCfg = Release|Any CPU
		{68D9E639-3021-4861-8077-87F915D47ABF}.Release|Any CPU.Build.0 = Release|Any CPU
		{B3BA3230-C3EB-4811-95BE-C253FD8E58F2}.Debug|Any CPU.ActiveCfg = Debug|Any CPU
		{B3BA3230-C3EB-4811-95BE-C253FD8E58F2}.Debug|Any CPU.Build.0 = Debug|Any CPU
		{B3BA3230-C3EB-4811-95BE-C253FD8E58F2}.Release|Any CPU.ActiveCfg = Release|Any CPU
		{B3BA3230-C3EB-4811-95BE-C253FD8E58F2}.Release|Any CPU.Build.0 = Release|Any CPU
		{84AD40BF-8B47-47EC-BEC5-97BCBE7ADAAD}.Debug|Any CPU.ActiveCfg = Debug|Any CPU
		{84AD40BF-8B47-47EC-BEC5-97BCBE7ADAAD}.Debug|Any CPU.Build.0 = Debug|Any CPU
		{84AD40BF-8B47-47EC-BEC5-97BCBE7ADAAD}.Release|Any CPU.ActiveCfg = Release|Any CPU
		{84AD40BF-8B47-47EC-BEC5-97BCBE7ADAAD}.Release|Any CPU.Build.0 = Release|Any CPU
	EndGlobalSection
	GlobalSection(SolutionProperties) = preSolution
		HideSolutionNode = FALSE
	EndGlobalSection
	GlobalSection(ExtensibilityGlobals) = postSolution
		SolutionGuid = {80797C56-C660-44B4-BE11-90142F1973FC}
	EndGlobalSection
EndGlobal
