
Microsoft Visual Studio Solution File, Format Version 12.00
# Visual Studio Version 17
VisualStudioVersion = 17.7.34202.233
MinimumVisualStudioVersion = 10.0.40219.1
Project("{FAE04EC0-301F-11D3-BF4B-00C04F79EFBC}") = "WebServer", "WebServer\WebServer.csproj", "{C7CA6C33-C564-459F-82DC-898AB41AA9D3}"
EndProject
Global
	GlobalSection(SolutionConfigurationPlatforms) = preSolution
		Debug|Any CPU = Debug|Any CPU
		Release|Any CPU = Release|Any CPU
	EndGlobalSection
	GlobalSection(ProjectConfigurationPlatforms) = postSolution
		{C7CA6C33-C564-459F-82DC-898AB41AA9D3}.Debug|Any CPU.ActiveCfg = Debug|Any CPU
		{C7CA6C33-C564-459F-82DC-898AB41AA9D3}.Debug|Any CPU.Build.0 = Debug|Any CPU
		{C7CA6C33-C564-459F-82DC-898AB41AA9D3}.Release|Any CPU.ActiveCfg = Release|Any CPU
		{C7CA6C33-C564-459F-82DC-898AB41AA9D3}.Release|Any CPU.Build.0 = Release|Any CPU
	EndGlobalSection
	GlobalSection(SolutionProperties) = preSolution
		HideSolutionNode = FALSE
	EndGlobalSection
	GlobalSection(ExtensibilityGlobals) = postSolution
		SolutionGuid = {3AEBF9FE-75E0-448E-8E38-9A6B71CBF5F3}
	EndGlobalSection
EndGlobal
